
Microsoft Visual Studio Solution File, Format Version 12.00
# Visual Studio Version 16
VisualStudioVersion = 16.0.30309.148
MinimumVisualStudioVersion = 10.0.40219.1
Project("{FAE04EC0-301F-11D3-BF4B-00C04F79EFBC}") = "CalificaionSegunRangoDeNotas", "CalificaionSegunRangoDeNotas\CalificaionSegunRangoDeNotas.csproj", "{5FB0457C-7D7D-49CC-ABA6-F2BCA31E8A50}"
EndProject
Global
	GlobalSection(SolutionConfigurationPlatforms) = preSolution
		Debug|Any CPU = Debug|Any CPU
		Release|Any CPU = Release|Any CPU
	EndGlobalSection
	GlobalSection(ProjectConfigurationPlatforms) = postSolution
		{5FB0457C-7D7D-49CC-ABA6-F2BCA31E8A50}.Debug|Any CPU.ActiveCfg = Debug|Any CPU
		{5FB0457C-7D7D-49CC-ABA6-F2BCA31E8A50}.Debug|Any CPU.Build.0 = Debug|Any CPU
		{5FB0457C-7D7D-49CC-ABA6-F2BCA31E8A50}.Release|Any CPU.ActiveCfg = Release|Any CPU
		{5FB0457C-7D7D-49CC-ABA6-F2BCA31E8A50}.Release|Any CPU.Build.0 = Release|Any CPU
	EndGlobalSection
	GlobalSection(SolutionProperties) = preSolution
		HideSolutionNode = FALSE
	EndGlobalSection
	GlobalSection(ExtensibilityGlobals) = postSolution
		SolutionGuid = {F905720B-F2BF-474A-A892-6628247E2F69}
	EndGlobalSection
EndGlobal
